{
  "name": "@dotmh/lambda-controller-post",
  "version": "0.1.0",
  "lockfileVersion": 1,
  "requires": true,
  "dependencies": {
    "@dotmh/lambda-controller": {
      "version": "1.0.1",
      "resolved": "https://registry.npmjs.org/@dotmh/lambda-controller/-/lambda-controller-1.0.1.tgz",
      "integrity": "sha512-6u8FyBEOqUIrWtaf8SKmndlgkV3RX/Jmvm0UGORR2/LQdPpFyqCKpiUTv16ki4zuLXeL1195Q7TCD9sUi4qlug==",
      "dev": true
    }
  }
}
